
Microsoft Visual Studio Solution File, Format Version 12.00
# Visual Studio Version 16
VisualStudioVersion = 16.0.29009.5
MinimumVisualStudioVersion = 10.0.40219.1
Project("{FAE04EC0-301F-11D3-BF4B-00C04F79EFBC}") = "Windows Forms App Zoom 2019", "WindowsFormsApp Zoom 2019\Windows Forms App Zoom 2019.csproj", "{2E4F0818-769B-45BC-BBCF-E580DE77626A}"
EndProject
Global
	GlobalSection(SolutionConfigurationPlatforms) = preSolution
		Debug|Any CPU = Debug|Any CPU
		Development|Any CPU = Development|Any CPU
		Release|Any CPU = Release|Any CPU
	EndGlobalSection
	GlobalSection(ProjectConfigurationPlatforms) = postSolution
		{2E4F0818-769B-45BC-BBCF-E580DE77626A}.Debug|Any CPU.ActiveCfg = Debug|Any CPU
		{2E4F0818-769B-45BC-BBCF-E580DE77626A}.Debug|Any CPU.Build.0 = Debug|Any CPU
		{2E4F0818-769B-45BC-BBCF-E580DE77626A}.Development|Any CPU.ActiveCfg = Debug|Any CPU
		{2E4F0818-769B-45BC-BBCF-E580DE77626A}.Development|Any CPU.Build.0 = Debug|Any CPU
		{2E4F0818-769B-45BC-BBCF-E580DE77626A}.Release|Any CPU.ActiveCfg = Release|Any CPU
		{2E4F0818-769B-45BC-BBCF-E580DE77626A}.Release|Any CPU.Build.0 = Release|Any CPU
	EndGlobalSection
	GlobalSection(SolutionProperties) = preSolution
		HideSolutionNode = FALSE
	EndGlobalSection
	GlobalSection(ExtensibilityGlobals) = postSolution
		SolutionGuid = {49721E81-3023-4158-B8A2-3C895067F8C3}
	EndGlobalSection
EndGlobal
